
Microsoft Visual Studio Solution File, Format Version 12.00
# Visual Studio Version 16
VisualStudioVersion = 16.0.30128.74
MinimumVisualStudioVersion = 10.0.40219.1
Project("{9A19103F-16F7-4668-BE54-9A1E7A4F7556}") = "CSharpStudy.Multiply", "CSharpStudy.Multiply\CSharpStudy.Multiply.csproj", "{39803C10-6DCA-4724-B67F-67BFDEDEF6D8}"
EndProject
Project("{9A19103F-16F7-4668-BE54-9A1E7A4F7556}") = "CSharpStudy", "CSharpStudy\CSharpStudy.csproj", "{F9476233-1DF1-4C83-9BE3-5F64219CE28C}"
EndProject
Project("{FAE04EC0-301F-11D3-BF4B-00C04F79EFBC}") = "CSharpStudy.Boxing", "CSharpStudy.Boxing\CSharpStudy.Boxing.csproj", "{8B8A71C0-1AB2-4D71-9F6D-7DD568490B07}"
EndProject
Global
	GlobalSection(SolutionConfigurationPlatforms) = preSolution
		Debug|Any CPU = Debug|Any CPU
		Debug|x64 = Debug|x64
		Debug|x86 = Debug|x86
		Release|Any CPU = Release|Any CPU
		Release|x64 = Release|x64
		Release|x86 = Release|x86
	EndGlobalSection
	GlobalSection(ProjectConfigurationPlatforms) = postSolution
		{39803C10-6DCA-4724-B67F-67BFDEDEF6D8}.Debug|Any CPU.ActiveCfg = Debug|Any CPU
		{39803C10-6DCA-4724-B67F-67BFDEDEF6D8}.Debug|Any CPU.Build.0 = Debug|Any CPU
		{39803C10-6DCA-4724-B67F-67BFDEDEF6D8}.Debug|x64.ActiveCfg = Debug|Any CPU
		{39803C10-6DCA-4724-B67F-67BFDEDEF6D8}.Debug|x64.Build.0 = Debug|Any CPU
		{39803C10-6DCA-4724-B67F-67BFDEDEF6D8}.Debug|x86.ActiveCfg = Debug|Any CPU
		{39803C10-6DCA-4724-B67F-67BFDEDEF6D8}.Debug|x86.Build.0 = Debug|Any CPU
		{39803C10-6DCA-4724-B67F-67BFDEDEF6D8}.Release|Any CPU.ActiveCfg = Release|Any CPU
		{39803C10-6DCA-4724-B67F-67BFDEDEF6D8}.Release|Any CPU.Build.0 = Release|Any CPU
		{39803C10-6DCA-4724-B67F-67BFDEDEF6D8}.Release|x64.ActiveCfg = Release|Any CPU
		{39803C10-6DCA-4724-B67F-67BFDEDEF6D8}.Release|x64.Build.0 = Release|Any CPU
		{39803C10-6DCA-4724-B67F-67BFDEDEF6D8}.Release|x86.ActiveCfg = Release|Any CPU
		{39803C10-6DCA-4724-B67F-67BFDEDEF6D8}.Release|x86.Build.0 = Release|Any CPU
		{F9476233-1DF1-4C83-9BE3-5F64219CE28C}.Debug|Any CPU.ActiveCfg = Debug|Any CPU
		{F9476233-1DF1-4C83-9BE3-5F64219CE28C}.Debug|Any CPU.Build.0 = Debug|Any CPU
		{F9476233-1DF1-4C83-9BE3-5F64219CE28C}.Debug|x64.ActiveCfg = Debug|Any CPU
		{F9476233-1DF1-4C83-9BE3-5F64219CE28C}.Debug|x64.Build.0 = Debug|Any CPU
		{F9476233-1DF1-4C83-9BE3-5F64219CE28C}.Debug|x86.ActiveCfg = Debug|Any CPU
		{F9476233-1DF1-4C83-9BE3-5F64219CE28C}.Debug|x86.Build.0 = Debug|Any CPU
		{F9476233-1DF1-4C83-9BE3-5F64219CE28C}.Release|Any CPU.ActiveCfg = Release|Any CPU
		{F9476233-1DF1-4C83-9BE3-5F64219CE28C}.Release|Any CPU.Build.0 = Release|Any CPU
		{F9476233-1DF1-4C83-9BE3-5F64219CE28C}.Release|x64.ActiveCfg = Release|Any CPU
		{F9476233-1DF1-4C83-9BE3-5F64219CE28C}.Release|x64.Build.0 = Release|Any CPU
		{F9476233-1DF1-4C83-9BE3-5F64219CE28C}.Release|x86.ActiveCfg = Release|Any CPU
		{F9476233-1DF1-4C83-9BE3-5F64219CE28C}.Release|x86.Build.0 = Release|Any CPU
		{8B8A71C0-1AB2-4D71-9F6D-7DD568490B07}.Debug|Any CPU.ActiveCfg = Debug|Any CPU
		{8B8A71C0-1AB2-4D71-9F6D-7DD568490B07}.Debug|Any CPU.Build.0 = Debug|Any CPU
		{8B8A71C0-1AB2-4D71-9F6D-7DD568490B07}.Debug|x64.ActiveCfg = Debug|Any CPU
		{8B8A71C0-1AB2-4D71-9F6D-7DD568490B07}.Debug|x64.Build.0 = Debug|Any CPU
		{8B8A71C0-1AB2-4D71-9F6D-7DD568490B07}.Debug|x86.ActiveCfg = Debug|Any CPU
		{8B8A71C0-1AB2-4D71-9F6D-7DD568490B07}.Debug|x86.Build.0 = Debug|Any CPU
		{8B8A71C0-1AB2-4D71-9F6D-7DD568490B07}.Release|Any CPU.ActiveCfg = Release|Any CPU
		{8B8A71C0-1AB2-4D71-9F6D-7DD568490B07}.Release|Any CPU.Build.0 = Release|Any CPU
		{8B8A71C0-1AB2-4D71-9F6D-7DD568490B07}.Release|x64.ActiveCfg = Release|Any CPU
		{8B8A71C0-1AB2-4D71-9F6D-7DD568490B07}.Release|x64.Build.0 = Release|Any CPU
		{8B8A71C0-1AB2-4D71-9F6D-7DD568490B07}.Release|x86.ActiveCfg = Release|Any CPU
		{8B8A71C0-1AB2-4D71-9F6D-7DD568490B07}.Release|x86.Build.0 = Release|Any CPU
	EndGlobalSection
	GlobalSection(SolutionProperties) = preSolution
		HideSolutionNode = FALSE
	EndGlobalSection
	GlobalSection(ExtensibilityGlobals) = postSolution
		SolutionGuid = {3E616495-3F9D-4C50-9636-FD940607B5F8}
	EndGlobalSection
EndGlobal
